
Microsoft Visual Studio Solution File, Format Version 12.00
# Visual Studio Version 17
VisualStudioVersion = 17.9.34723.18
MinimumVisualStudioVersion = 10.0.40219.1
Project("{9A19103F-16F7-4668-BE54-9A1E7A4F7556}") = "Djamana.Partenaires.UI", "Djamana_Partenaires\Djamana.Partenaires.UI.csproj", "{D5CF3274-2D29-437B-B635-33FB628F3794}"
EndProject
Project("{9A19103F-16F7-4668-BE54-9A1E7A4F7556}") = "Djamana.Partenaires.Core.Data", "Djamana.Partenaires.Core.Data\Djamana.Partenaires.Core.Data.csproj", "{EDD5D6D2-B07B-46A0-A3DE-A25EDCEDA51E}"
EndProject
Project("{9A19103F-16F7-4668-BE54-9A1E7A4F7556}") = "Djamana.Partenaires.Core.Business", "Djamana.Partenaires.Core.Business\Djamana.Partenaires.Core.Business.csproj", "{6F16ACA2-3EC8-4DB5-A5F8-1AC681E5AA1B}"
EndProject
Global
	GlobalSection(SolutionConfigurationPlatforms) = preSolution
		Debug|Any CPU = Debug|Any CPU
		Release|Any CPU = Release|Any CPU
	EndGlobalSection
	GlobalSection(ProjectConfigurationPlatforms) = postSolution
		{D5CF3274-2D29-437B-B635-33FB628F3794}.Debug|Any CPU.ActiveCfg = Debug|Any CPU
		{D5CF3274-2D29-437B-B635-33FB628F3794}.Debug|Any CPU.Build.0 = Debug|Any CPU
		{D5CF3274-2D29-437B-B635-33FB628F3794}.Release|Any CPU.ActiveCfg = Release|Any CPU
		{D5CF3274-2D29-437B-B635-33FB628F3794}.Release|Any CPU.Build.0 = Release|Any CPU
		{EDD5D6D2-B07B-46A0-A3DE-A25EDCEDA51E}.Debug|Any CPU.ActiveCfg = Debug|Any CPU
		{EDD5D6D2-B07B-46A0-A3DE-A25EDCEDA51E}.Debug|Any CPU.Build.0 = Debug|Any CPU
		{EDD5D6D2-B07B-46A0-A3DE-A25EDCEDA51E}.Release|Any CPU.ActiveCfg = Release|Any CPU
		{EDD5D6D2-B07B-46A0-A3DE-A25EDCEDA51E}.Release|Any CPU.Build.0 = Release|Any CPU
		{6F16ACA2-3EC8-4DB5-A5F8-1AC681E5AA1B}.Debug|Any CPU.ActiveCfg = Debug|Any CPU
		{6F16ACA2-3EC8-4DB5-A5F8-1AC681E5AA1B}.Debug|Any CPU.Build.0 = Debug|Any CPU
		{6F16ACA2-3EC8-4DB5-A5F8-1AC681E5AA1B}.Release|Any CPU.ActiveCfg = Release|Any CPU
		{6F16ACA2-3EC8-4DB5-A5F8-1AC681E5AA1B}.Release|Any CPU.Build.0 = Release|Any CPU
	EndGlobalSection
	GlobalSection(SolutionProperties) = preSolution
		HideSolutionNode = FALSE
	EndGlobalSection
	GlobalSection(ExtensibilityGlobals) = postSolution
		SolutionGuid = {9869A62F-A67F-47A9-BE78-1482790CE559}
	EndGlobalSection
EndGlobal
